
Microsoft Visual Studio Solution File, Format Version 12.00
# Visual Studio 15
VisualStudioVersion = 15.0.28307.489
MinimumVisualStudioVersion = 10.0.40219.1
Project("{FAE04EC0-301F-11D3-BF4B-00C04F79EFBC}") = "Lab02", "Lab02\Lab02.csproj", "{0CF57BB2-E51E-46E3-B39F-B4E91B759B5E}"
EndProject
Global
	GlobalSection(SolutionConfigurationPlatforms) = preSolution
		Debug|Any CPU = Debug|Any CPU
		Release|Any CPU = Release|Any CPU
	EndGlobalSection
	GlobalSection(ProjectConfigurationPlatforms) = postSolution
		{0CF57BB2-E51E-46E3-B39F-B4E91B759B5E}.Debug|Any CPU.ActiveCfg = Debug|Any CPU
		{0CF57BB2-E51E-46E3-B39F-B4E91B759B5E}.Debug|Any CPU.Build.0 = Debug|Any CPU
		{0CF57BB2-E51E-46E3-B39F-B4E91B759B5E}.Release|Any CPU.ActiveCfg = Release|Any CPU
		{0CF57BB2-E51E-46E3-B39F-B4E91B759B5E}.Release|Any CPU.Build.0 = Release|Any CPU
	EndGlobalSection
	GlobalSection(SolutionProperties) = preSolution
		HideSolutionNode = FALSE
	EndGlobalSection
	GlobalSection(ExtensibilityGlobals) = postSolution
		SolutionGuid = {B50A30C3-9AC1-4095-8A23-8DB7182A0C74}
	EndGlobalSection
EndGlobal
