
Microsoft Visual Studio Solution File, Format Version 12.00
# Visual Studio 15
VisualStudioVersion = 15.0.28307.489
MinimumVisualStudioVersion = 10.0.40219.1
Project("{FAE04EC0-301F-11D3-BF4B-00C04F79EFBC}") = "Ejercicio IF", "LabSintaxis2\Ejercicio IF.csproj", "{8FE47880-737C-400B-B1F3-0A56931BE71C}"
EndProject
Project("{FAE04EC0-301F-11D3-BF4B-00C04F79EFBC}") = "Ejercicio CASE", "Ejercicio CASE\Ejercicio CASE.csproj", "{65965296-3653-4A93-8916-7F5CFA45F459}"
EndProject
Project("{FAE04EC0-301F-11D3-BF4B-00C04F79EFBC}") = "Ejercicio FOR", "Ejercicio For\Ejercicio FOR.csproj", "{AF89BC73-7663-4297-BB3E-3495972EBE15}"
EndProject
Project("{FAE04EC0-301F-11D3-BF4B-00C04F79EFBC}") = "Ejercicios_Pensar", "Ejercicios_Pensar\Ejercicios_Pensar.csproj", "{89EEA6DA-6FEA-46BE-9ABC-8F54A496F413}"
EndProject
Global
	GlobalSection(SolutionConfigurationPlatforms) = preSolution
		Debug|Any CPU = Debug|Any CPU
		Release|Any CPU = Release|Any CPU
	EndGlobalSection
	GlobalSection(ProjectConfigurationPlatforms) = postSolution
		{8FE47880-737C-400B-B1F3-0A56931BE71C}.Debug|Any CPU.ActiveCfg = Debug|Any CPU
		{8FE47880-737C-400B-B1F3-0A56931BE71C}.Debug|Any CPU.Build.0 = Debug|Any CPU
		{8FE47880-737C-400B-B1F3-0A56931BE71C}.Release|Any CPU.ActiveCfg = Release|Any CPU
		{8FE47880-737C-400B-B1F3-0A56931BE71C}.Release|Any CPU.Build.0 = Release|Any CPU
		{65965296-3653-4A93-8916-7F5CFA45F459}.Debug|Any CPU.ActiveCfg = Debug|Any CPU
		{65965296-3653-4A93-8916-7F5CFA45F459}.Debug|Any CPU.Build.0 = Debug|Any CPU
		{65965296-3653-4A93-8916-7F5CFA45F459}.Release|Any CPU.ActiveCfg = Release|Any CPU
		{65965296-3653-4A93-8916-7F5CFA45F459}.Release|Any CPU.Build.0 = Release|Any CPU
		{AF89BC73-7663-4297-BB3E-3495972EBE15}.Debug|Any CPU.ActiveCfg = Debug|Any CPU
		{AF89BC73-7663-4297-BB3E-3495972EBE15}.Debug|Any CPU.Build.0 = Debug|Any CPU
		{AF89BC73-7663-4297-BB3E-3495972EBE15}.Release|Any CPU.ActiveCfg = Release|Any CPU
		{AF89BC73-7663-4297-BB3E-3495972EBE15}.Release|Any CPU.Build.0 = Release|Any CPU
		{89EEA6DA-6FEA-46BE-9ABC-8F54A496F413}.Debug|Any CPU.ActiveCfg = Debug|Any CPU
		{89EEA6DA-6FEA-46BE-9ABC-8F54A496F413}.Debug|Any CPU.Build.0 = Debug|Any CPU
		{89EEA6DA-6FEA-46BE-9ABC-8F54A496F413}.Release|Any CPU.ActiveCfg = Release|Any CPU
		{89EEA6DA-6FEA-46BE-9ABC-8F54A496F413}.Release|Any CPU.Build.0 = Release|Any CPU
	EndGlobalSection
	GlobalSection(SolutionProperties) = preSolution
		HideSolutionNode = FALSE
	EndGlobalSection
	GlobalSection(ExtensibilityGlobals) = postSolution
		SolutionGuid = {537793ED-4D8B-4CA8-9ABD-A1C4A7D78DF5}
	EndGlobalSection
EndGlobal
